// !$*UTF8*$!
{
	archiveVersion = 1;
	classes = {
	};
	objectVersion = 46;
	objects = {

/* Begin PBXBuildFile section */
		6758E7851C71EDE000DF52F9 /* ane.m in Sources */ = {isa = PBXBuildFile; fileRef = 6758E7841C71EDE000DF52F9 /* ane.m */; };
		6758E78D1C71EF1600DF52F9 /* Foundation.framework in Frameworks */ = {isa = PBXBuildFile; fileRef = 6758E78C1C71EF1600DF52F9 /* Foundation.framework */; };
		6771B1D71C747B160098C831 /* libVKSdk.a in Frameworks */ = {isa = PBXBuildFile; fileRef = 6771B1D61C747B160098C831 /* libVKSdk.a */; };
		6771B1D91C747B2A0098C831 /* VKSdk.framework in Frameworks */ = {isa = PBXBuildFile; fileRef = 6771B1D81C747B2A0098C831 /* VKSdk.framework */; };
		6771B1E41C747F0A0098C831 /* ApiCallViewController.m in Sources */ = {isa = PBXBuildFile; fileRef = 6771B1DB1C747F0A0098C831 /* ApiCallViewController.m */; };
		6771B1E51C747F0A0098C831 /* TestViewController.m in Sources */ = {isa = PBXBuildFile; fileRef = 6771B1DD1C747F0A0098C831 /* TestViewController.m */; };
		6771B1E61C747F0A0098C831 /* VKAppDelegate.m in Sources */ = {isa = PBXBuildFile; fileRef = 6771B1DF1C747F0A0098C831 /* VKAppDelegate.m */; };
		6771B1E71C747F0A0098C831 /* VKStartScreen.m in Sources */ = {isa = PBXBuildFile; fileRef = 6771B1E31C747F0A0098C831 /* VKStartScreen.m */; };
/* End PBXBuildFile section */

/* Begin PBXCopyFilesBuildPhase section */
		6758E77D1C71EDE000DF52F9 /* CopyFiles */ = {
			isa = PBXCopyFilesBuildPhase;
			buildActionMask = 2147483647;
			dstPath = "include/$(PRODUCT_NAME)";
			dstSubfolderSpec = 16;
			files = (
			);
			runOnlyForDeploymentPostprocessing = 0;
		};
/* End PBXCopyFilesBuildPhase section */

/* Begin PBXFileReference section */
		6758E77F1C71EDE000DF52F9 /* libane.a */ = {isa = PBXFileReference; explicitFileType = archive.ar; includeInIndex = 0; path = libane.a; sourceTree = BUILT_PRODUCTS_DIR; };
		6758E7841C71EDE000DF52F9 /* ane.m */ = {isa = PBXFileReference; lastKnownFileType = sourcecode.c.objc; path = ane.m; sourceTree = "<group>"; };
		6758E78B1C71EE5500DF52F9 /* FlashRuntimeExtensions.h */ = {isa = PBXFileReference; fileEncoding = 4; lastKnownFileType = sourcecode.c.h; name = FlashRuntimeExtensions.h; path = ../../../sdk/air18/include/FlashRuntimeExtensions.h; sourceTree = "<group>"; };
		6758E78C1C71EF1600DF52F9 /* Foundation.framework */ = {isa = PBXFileReference; lastKnownFileType = wrapper.framework; name = Foundation.framework; path = System/Library/Frameworks/Foundation.framework; sourceTree = SDKROOT; };
		6771B1D61C747B160098C831 /* libVKSdk.a */ = {isa = PBXFileReference; lastKnownFileType = archive.ar; path = libVKSdk.a; sourceTree = "<group>"; };
		6771B1D81C747B2A0098C831 /* VKSdk.framework */ = {isa = PBXFileReference; lastKnownFileType = wrapper.framework; path = VKSdk.framework; sourceTree = "<group>"; };
		6771B1DA1C747F0A0098C831 /* ApiCallViewController.h */ = {isa = PBXFileReference; fileEncoding = 4; lastKnownFileType = sourcecode.c.h; path = ApiCallViewController.h; sourceTree = "<group>"; };
		6771B1DB1C747F0A0098C831 /* ApiCallViewController.m */ = {isa = PBXFileReference; fileEncoding = 4; lastKnownFileType = sourcecode.c.objc; path = ApiCallViewController.m; sourceTree = "<group>"; };
		6771B1DC1C747F0A0098C831 /* TestViewController.h */ = {isa = PBXFileReference; fileEncoding = 4; lastKnownFileType = sourcecode.c.h; path = TestViewController.h; sourceTree = "<group>"; };
		6771B1DD1C747F0A0098C831 /* TestViewController.m */ = {isa = PBXFileReference; fileEncoding = 4; lastKnownFileType = sourcecode.c.objc; path = TestViewController.m; sourceTree = "<group>"; };
		6771B1DE1C747F0A0098C831 /* VKAppDelegate.h */ = {isa = PBXFileReference; fileEncoding = 4; lastKnownFileType = sourcecode.c.h; path = VKAppDelegate.h; sourceTree = "<group>"; };
		6771B1DF1C747F0A0098C831 /* VKAppDelegate.m */ = {isa = PBXFileReference; fileEncoding = 4; lastKnownFileType = sourcecode.c.objc; path = VKAppDelegate.m; sourceTree = "<group>"; };
		6771B1E01C747F0A0098C831 /* VKSDKTestApplication-Info.plist */ = {isa = PBXFileReference; fileEncoding = 4; lastKnownFileType = text.plist.xml; path = "VKSDKTestApplication-Info.plist"; sourceTree = "<group>"; };
		6771B1E11C747F0A0098C831 /* VKSDKTestApplication-Prefix.pch */ = {isa = PBXFileReference; fileEncoding = 4; lastKnownFileType = sourcecode.c.h; path = "VKSDKTestApplication-Prefix.pch"; sourceTree = "<group>"; };
		6771B1E21C747F0A0098C831 /* VKStartScreen.h */ = {isa = PBXFileReference; fileEncoding = 4; lastKnownFileType = sourcecode.c.h; path = VKStartScreen.h; sourceTree = "<group>"; };
		6771B1E31C747F0A0098C831 /* VKStartScreen.m */ = {isa = PBXFileReference; fileEncoding = 4; lastKnownFileType = sourcecode.c.objc; path = VKStartScreen.m; sourceTree = "<group>"; };
/* End PBXFileReference section */

/* Begin PBXFrameworksBuildPhase section */
		6758E77C1C71EDE000DF52F9 /* Frameworks */ = {
			isa = PBXFrameworksBuildPhase;
			buildActionMask = 2147483647;
			files = (
				6758E78D1C71EF1600DF52F9 /* Foundation.framework in Frameworks */,
				6771B1D91C747B2A0098C831 /* VKSdk.framework in Frameworks */,
				6771B1D71C747B160098C831 /* libVKSdk.a in Frameworks */,
			);
			runOnlyForDeploymentPostprocessing = 0;
		};
/* End PBXFrameworksBuildPhase section */

/* Begin PBXGroup section */
		6758E7761C71EDE000DF52F9 = {
			isa = PBXGroup;
			children = (
				6771B1D81C747B2A0098C831 /* VKSdk.framework */,
				6771B1D61C747B160098C831 /* libVKSdk.a */,
				6758E78C1C71EF1600DF52F9 /* Foundation.framework */,
				6758E78B1C71EE5500DF52F9 /* FlashRuntimeExtensions.h */,
				6758E7811C71EDE000DF52F9 /* ane */,
				6758E7801C71EDE000DF52F9 /* Products */,
			);
			sourceTree = "<group>";
		};
		6758E7801C71EDE000DF52F9 /* Products */ = {
			isa = PBXGroup;
			children = (
				6758E77F1C71EDE000DF52F9 /* libane.a */,
			);
			name = Products;
			sourceTree = "<group>";
		};
		6758E7811C71EDE000DF52F9 /* ane */ = {
			isa = PBXGroup;
			children = (
				6758E7841C71EDE000DF52F9 /* ane.m */,
				6771B1DA1C747F0A0098C831 /* ApiCallViewController.h */,
				6771B1DB1C747F0A0098C831 /* ApiCallViewController.m */,
				6771B1DC1C747F0A0098C831 /* TestViewController.h */,
				6771B1DD1C747F0A0098C831 /* TestViewController.m */,
				6771B1DE1C747F0A0098C831 /* VKAppDelegate.h */,
				6771B1DF1C747F0A0098C831 /* VKAppDelegate.m */,
				6771B1E01C747F0A0098C831 /* VKSDKTestApplication-Info.plist */,
				6771B1E11C747F0A0098C831 /* VKSDKTestApplication-Prefix.pch */,
				6771B1E21C747F0A0098C831 /* VKStartScreen.h */,
				6771B1E31C747F0A0098C831 /* VKStartScreen.m */,
			);
			path = ane;
			sourceTree = "<group>";
		};
/* End PBXGroup section */

/* Begin PBXNativeTarget section */
		6758E77E1C71EDE000DF52F9 /* ane */ = {
			isa = PBXNativeTarget;
			buildConfigurationList = 6758E7881C71EDE000DF52F9 /* Build configuration list for PBXNativeTarget "ane" */;
			buildPhases = (
				6758E77B1C71EDE000DF52F9 /* Sources */,
				6758E77C1C71EDE000DF52F9 /* Frameworks */,
				6758E77D1C71EDE000DF52F9 /* CopyFiles */,
			);
			buildRules = (
			);
			dependencies = (
			);
			name = ane;
			productName = ane;
			productReference = 6758E77F1C71EDE000DF52F9 /* libane.a */;
			productType = "com.apple.product-type.library.static";
		};
/* End PBXNativeTarget section */

/* Begin PBXProject section */
		6758E7771C71EDE000DF52F9 /* Project object */ = {
			isa = PBXProject;
			attributes = {
				LastUpgradeCheck = 0720;
				ORGANIZATIONNAME = "Aleksey Kabanov";
				TargetAttributes = {
					6758E77E1C71EDE000DF52F9 = {
						CreatedOnToolsVersion = 7.2.1;
					};
				};
			};
			buildConfigurationList = 6758E77A1C71EDE000DF52F9 /* Build configuration list for PBXProject "ane" */;
			compatibilityVersion = "Xcode 3.2";
			developmentRegion = English;
			hasScannedForEncodings = 0;
			knownRegions = (
				en,
			);
			mainGroup = 6758E7761C71EDE000DF52F9;
			productRefGroup = 6758E7801C71EDE000DF52F9 /* Products */;
			projectDirPath = "";
			projectRoot = "";
			targets = (
				6758E77E1C71EDE000DF52F9 /* ane */,
			);
		};
/* End PBXProject section */

/* Begin PBXSourcesBuildPhase section */
		6758E77B1C71EDE000DF52F9 /* Sources */ = {
			isa = PBXSourcesBuildPhase;
			buildActionMask = 2147483647;
			files = (
				6771B1E51C747F0A0098C831 /* TestViewController.m in Sources */,
				6758E7851C71EDE000DF52F9 /* ane.m in Sources */,
				6771B1E41C747F0A0098C831 /* ApiCallViewController.m in Sources */,
				6771B1E71C747F0A0098C831 /* VKStartScreen.m in Sources */,
				6771B1E61C747F0A0098C831 /* VKAppDelegate.m in Sources */,
			);
			runOnlyForDeploymentPostprocessing = 0;
		};
/* End PBXSourcesBuildPhase section */

/* Begin XCBuildConfiguration section */
		6758E7861C71EDE000DF52F9 /* Debug */ = {
			isa = XCBuildConfiguration;
			buildSettings = {
				ALWAYS_SEARCH_USER_PATHS = NO;
				CLANG_CXX_LANGUAGE_STANDARD = "gnu++0x";
				CLANG_CXX_LIBRARY = "libc++";
				CLANG_ENABLE_MODULES = YES;
				CLANG_ENABLE_OBJC_ARC = YES;
				CLANG_WARN_BOOL_CONVERSION = YES;
				CLANG_WARN_CONSTANT_CONVERSION = YES;
				CLANG_WARN_DIRECT_OBJC_ISA_USAGE = YES_ERROR;
				CLANG_WARN_EMPTY_BODY = YES;
				CLANG_WARN_ENUM_CONVERSION = YES;
				CLANG_WARN_INT_CONVERSION = YES;
				CLANG_WARN_OBJC_ROOT_CLASS = YES_ERROR;
				CLANG_WARN_UNREACHABLE_CODE = YES;
				CLANG_WARN__DUPLICATE_METHOD_MATCH = YES;
				"CODE_SIGN_IDENTITY[sdk=iphoneos*]" = "iPhone Developer";
				COPY_PHASE_STRIP = NO;
				DEBUG_INFORMATION_FORMAT = dwarf;
				ENABLE_STRICT_OBJC_MSGSEND = YES;
				ENABLE_TESTABILITY = YES;
				GCC_C_LANGUAGE_STANDARD = gnu99;
				GCC_DYNAMIC_NO_PIC = NO;
				GCC_NO_COMMON_BLOCKS = YES;
				GCC_OPTIMIZATION_LEVEL = 0;
				GCC_PREPROCESSOR_DEFINITIONS = (
					"DEBUG=1",
					"$(inherited)",
				);
				GCC_WARN_64_TO_32_BIT_CONVERSION = YES;
				GCC_WARN_ABOUT_RETURN_TYPE = YES_ERROR;
				GCC_WARN_UNDECLARED_SELECTOR = YES;
				GCC_WARN_UNINITIALIZED_AUTOS = YES_AGGRESSIVE;
				GCC_WARN_UNUSED_FUNCTION = YES;
				GCC_WARN_UNUSED_VARIABLE = YES;
				IPHONEOS_DEPLOYMENT_TARGET = 9.2;
				MTL_ENABLE_DEBUG_INFO = YES;
				ONLY_ACTIVE_ARCH = YES;
				SDKROOT = iphoneos;
			};
			name = Debug;
		};
		6758E7871C71EDE000DF52F9 /* Release */ = {
			isa = XCBuildConfiguration;
			buildSettings = {
				ALWAYS_SEARCH_USER_PATHS = NO;
				CLANG_CXX_LANGUAGE_STANDARD = "gnu++0x";
				CLANG_CXX_LIBRARY = "libc++";
				CLANG_ENABLE_MODULES = YES;
				CLANG_ENABLE_OBJC_ARC = YES;
				CLANG_WARN_BOOL_CONVERSION = YES;
				CLANG_WARN_CONSTANT_CONVERSION = YES;
				CLANG_WARN_DIRECT_OBJC_ISA_USAGE = YES_ERROR;
				CLANG_WARN_EMPTY_BODY = YES;
				CLANG_WARN_ENUM_CONVERSION = YES;
				CLANG_WARN_INT_CONVERSION = YES;
				CLANG_WARN_OBJC_ROOT_CLASS = YES_ERROR;
				CLANG_WARN_UNREACHABLE_CODE = YES;
				CLANG_WARN__DUPLICATE_METHOD_MATCH = YES;
				"CODE_SIGN_IDENTITY[sdk=iphoneos*]" = "iPhone Developer";
				COPY_PHASE_STRIP = NO;
				DEBUG_INFORMATION_FORMAT = "dwarf-with-dsym";
				ENABLE_NS_ASSERTIONS = NO;
				ENABLE_STRICT_OBJC_MSGSEND = YES;
				GCC_C_LANGUAGE_STANDARD = gnu99;
				GCC_NO_COMMON_BLOCKS = YES;
				GCC_WARN_64_TO_32_BIT_CONVERSION = YES;
				GCC_WARN_ABOUT_RETURN_TYPE = YES_ERROR;
				GCC_WARN_UNDECLARED_SELECTOR = YES;
				GCC_WARN_UNINITIALIZED_AUTOS = YES_AGGRESSIVE;
				GCC_WARN_UNUSED_FUNCTION = YES;
				GCC_WARN_UNUSED_VARIABLE = YES;
				IPHONEOS_DEPLOYMENT_TARGET = 9.2;
				MTL_ENABLE_DEBUG_INFO = NO;
				SDKROOT = iphoneos;
				VALIDATE_PRODUCT = YES;
			};
			name = Release;
		};
		6758E7891C71EDE000DF52F9 /* Debug */ = {
			isa = XCBuildConfiguration;
			buildSettings = {
				FRAMEWORK_SEARCH_PATHS = (
					"$(inherited)",
					"$(PROJECT_DIR)",
				);
				LIBRARY_SEARCH_PATHS = (
					"$(inherited)",
					"$(PROJECT_DIR)",
				);
				ONLY_ACTIVE_ARCH = NO;
				OTHER_LDFLAGS = "-ObjC";
				PRODUCT_NAME = "$(TARGET_NAME)";
				SKIP_INSTALL = YES;
			};
			name = Debug;
		};
		6758E78A1C71EDE000DF52F9 /* Release */ = {
			isa = XCBuildConfiguration;
			buildSettings = {
				FRAMEWORK_SEARCH_PATHS = (
					"$(inherited)",
					"$(PROJECT_DIR)",
				);
				LIBRARY_SEARCH_PATHS = (
					"$(inherited)",
					"$(PROJECT_DIR)",
				);
				OTHER_LDFLAGS = "-ObjC";
				PRODUCT_NAME = "$(TARGET_NAME)";
				SKIP_INSTALL = YES;
			};
			name = Release;
		};
/* End XCBuildConfiguration section */

/* Begin XCConfigurationList section */
		6758E77A1C71EDE000DF52F9 /* Build configuration list for PBXProject "ane" */ = {
			isa = XCConfigurationList;
			buildConfigurations = (
				6758E7861C71EDE000DF52F9 /* Debug */,
				6758E7871C71EDE000DF52F9 /* Release */,
			);
			defaultConfigurationIsVisible = 0;
			defaultConfigurationName = Release;
		};
		6758E7881C71EDE000DF52F9 /* Build configuration list for PBXNativeTarget "ane" */ = {
			isa = XCConfigurationList;
			buildConfigurations = (
				6758E7891C71EDE000DF52F9 /* Debug */,
				6758E78A1C71EDE000DF52F9 /* Release */,
			);
			defaultConfigurationIsVisible = 0;
			defaultConfigurationName = Release;
		};
/* End XCConfigurationList section */
	};
	rootObject = 6758E7771C71EDE000DF52F9 /* Project object */;
}
