// !$*UTF8*$!
{
	archiveVersion = 1;
	classes = {
	};
	objectVersion = 46;
	objects = {

/* Begin PBXBuildFile section */
		6758E7851C71EDE000DF52F9 /* ane.m in Sources */ = {isa = PBXBuildFile; fileRef = 6758E7841C71EDE000DF52F9 /* ane.m */; };
		6758E78D1C71EF1600DF52F9 /* Foundation.framework in Frameworks */ = {isa = PBXBuildFile; fileRef = 6758E78C1C71EF1600DF52F9 /* Foundation.framework */; };
		6771B1D71C747B160098C831 /* libVKSdk.a in Frameworks */ = {isa = PBXBuildFile; fileRef = 6771B1D61C747B160098C831 /* libVKSdk.a */; };
		6771B1D91C747B2A0098C831 /* VKSdk.framework in Frameworks */ = {isa = PBXBuildFile; fileRef = 6771B1D81C747B2A0098C831 /* VKSdk.framework */; };
		6771B1E71C747F0A0098C831 /* VKStartScreen.m in Sources */ = {isa = PBXBuildFile; fileRef = 6771B1E31C747F0A0098C831 /* VKStartScreen.m */; };
		6771B1F01C75A87B0098C831 /* main.m in Sources */ = {isa = PBXBuildFile; fileRef = 6771B1EF1C75A87B0098C831 /* main.m */; };
		6771B1F31C75A87B0098C831 /* AppDelegate.m in Sources */ = {isa = PBXBuildFile; fileRef = 6771B1F21C75A87B0098C831 /* AppDelegate.m */; };
		6771B1F61C75A87B0098C831 /* ViewController.m in Sources */ = {isa = PBXBuildFile; fileRef = 6771B1F51C75A87B0098C831 /* ViewController.m */; };
		6771B1F91C75A87B0098C831 /* Main.storyboard in Resources */ = {isa = PBXBuildFile; fileRef = 6771B1F71C75A87B0098C831 /* Main.storyboard */; };
		6771B1FB1C75A87B0098C831 /* Assets.xcassets in Resources */ = {isa = PBXBuildFile; fileRef = 6771B1FA1C75A87B0098C831 /* Assets.xcassets */; };
		6771B2091C75A87B0098C831 /* jjUITests.m in Sources */ = {isa = PBXBuildFile; fileRef = 6771B2081C75A87B0098C831 /* jjUITests.m */; };
		6771B2161C75F2850098C831 /* Foundation.framework in Frameworks */ = {isa = PBXBuildFile; fileRef = 6758E78C1C71EF1600DF52F9 /* Foundation.framework */; };
		6771B2181C75F3C00098C831 /* libVKSdk.a in Frameworks */ = {isa = PBXBuildFile; fileRef = 6771B1D61C747B160098C831 /* libVKSdk.a */; };
		6771B21A1C75F3EF0098C831 /* SafariServices.framework in Frameworks */ = {isa = PBXBuildFile; fileRef = 6771B2191C75F3EF0098C831 /* SafariServices.framework */; };
		6771B21C1C75F40C0098C831 /* MobileCoreServices.framework in Frameworks */ = {isa = PBXBuildFile; fileRef = 6771B21B1C75F40C0098C831 /* MobileCoreServices.framework */; };
		6771B21E1C75F4150098C831 /* CoreGraphics.framework in Frameworks */ = {isa = PBXBuildFile; fileRef = 6771B21D1C75F4150098C831 /* CoreGraphics.framework */; };
		6771B2201C75F41C0098C831 /* UIKit.framework in Frameworks */ = {isa = PBXBuildFile; fileRef = 6771B21F1C75F41C0098C831 /* UIKit.framework */; };
		6771B2221C75F4250098C831 /* CoreFoundation.framework in Frameworks */ = {isa = PBXBuildFile; fileRef = 6771B2211C75F4250098C831 /* CoreFoundation.framework */; };
		6771B2241C75F4540098C831 /* SystemConfiguration.framework in Frameworks */ = {isa = PBXBuildFile; fileRef = 6771B2231C75F4540098C831 /* SystemConfiguration.framework */; };
/* End PBXBuildFile section */

/* Begin PBXContainerItemProxy section */
		6771B2051C75A87B0098C831 /* PBXContainerItemProxy */ = {
			isa = PBXContainerItemProxy;
			containerPortal = 6758E7771C71EDE000DF52F9 /* Project object */;
			proxyType = 1;
			remoteGlobalIDString = 6771B1EB1C75A87B0098C831;
			remoteInfo = jj;
		};
/* End PBXContainerItemProxy section */

/* Begin PBXCopyFilesBuildPhase section */
		6758E77D1C71EDE000DF52F9 /* CopyFiles */ = {
			isa = PBXCopyFilesBuildPhase;
			buildActionMask = 2147483647;
			dstPath = "include/$(PRODUCT_NAME)";
			dstSubfolderSpec = 16;
			files = (
			);
			runOnlyForDeploymentPostprocessing = 0;
		};
/* End PBXCopyFilesBuildPhase section */

/* Begin PBXFileReference section */
		6758E77F1C71EDE000DF52F9 /* libane.a */ = {isa = PBXFileReference; explicitFileType = archive.ar; includeInIndex = 0; path = libane.a; sourceTree = BUILT_PRODUCTS_DIR; };
		6758E7841C71EDE000DF52F9 /* ane.m */ = {isa = PBXFileReference; lastKnownFileType = sourcecode.c.objc; path = ane.m; sourceTree = "<group>"; };
		6758E78B1C71EE5500DF52F9 /* FlashRuntimeExtensions.h */ = {isa = PBXFileReference; fileEncoding = 4; lastKnownFileType = sourcecode.c.h; name = FlashRuntimeExtensions.h; path = ../../../sdk/air18/include/FlashRuntimeExtensions.h; sourceTree = "<group>"; };
		6758E78C1C71EF1600DF52F9 /* Foundation.framework */ = {isa = PBXFileReference; lastKnownFileType = wrapper.framework; name = Foundation.framework; path = System/Library/Frameworks/Foundation.framework; sourceTree = SDKROOT; };
		6771B1D61C747B160098C831 /* libVKSdk.a */ = {isa = PBXFileReference; lastKnownFileType = archive.ar; path = libVKSdk.a; sourceTree = "<group>"; };
		6771B1D81C747B2A0098C831 /* VKSdk.framework */ = {isa = PBXFileReference; lastKnownFileType = wrapper.framework; path = VKSdk.framework; sourceTree = "<group>"; };
		6771B1E21C747F0A0098C831 /* VKStartScreen.h */ = {isa = PBXFileReference; fileEncoding = 4; lastKnownFileType = sourcecode.c.h; path = VKStartScreen.h; sourceTree = "<group>"; };
		6771B1E31C747F0A0098C831 /* VKStartScreen.m */ = {isa = PBXFileReference; fileEncoding = 4; lastKnownFileType = sourcecode.c.objc; path = VKStartScreen.m; sourceTree = "<group>"; };
		6771B1EC1C75A87B0098C831 /* jj.app */ = {isa = PBXFileReference; explicitFileType = wrapper.application; includeInIndex = 0; path = jj.app; sourceTree = BUILT_PRODUCTS_DIR; };
		6771B1EF1C75A87B0098C831 /* main.m */ = {isa = PBXFileReference; lastKnownFileType = sourcecode.c.objc; path = main.m; sourceTree = "<group>"; };
		6771B1F11C75A87B0098C831 /* AppDelegate.h */ = {isa = PBXFileReference; lastKnownFileType = sourcecode.c.h; path = AppDelegate.h; sourceTree = "<group>"; };
		6771B1F21C75A87B0098C831 /* AppDelegate.m */ = {isa = PBXFileReference; lastKnownFileType = sourcecode.c.objc; path = AppDelegate.m; sourceTree = "<group>"; };
		6771B1F41C75A87B0098C831 /* ViewController.h */ = {isa = PBXFileReference; lastKnownFileType = sourcecode.c.h; path = ViewController.h; sourceTree = "<group>"; };
		6771B1F51C75A87B0098C831 /* ViewController.m */ = {isa = PBXFileReference; lastKnownFileType = sourcecode.c.objc; path = ViewController.m; sourceTree = "<group>"; };
		6771B1F81C75A87B0098C831 /* Base */ = {isa = PBXFileReference; lastKnownFileType = file.storyboard; name = Base; path = Base.lproj/Main.storyboard; sourceTree = "<group>"; };
		6771B1FA1C75A87B0098C831 /* Assets.xcassets */ = {isa = PBXFileReference; lastKnownFileType = folder.assetcatalog; path = Assets.xcassets; sourceTree = "<group>"; };
		6771B1FF1C75A87B0098C831 /* Info.plist */ = {isa = PBXFileReference; lastKnownFileType = text.plist.xml; path = Info.plist; sourceTree = "<group>"; };
		6771B2041C75A87B0098C831 /* jjUITests.xctest */ = {isa = PBXFileReference; explicitFileType = wrapper.cfbundle; includeInIndex = 0; path = jjUITests.xctest; sourceTree = BUILT_PRODUCTS_DIR; };
		6771B2081C75A87B0098C831 /* jjUITests.m */ = {isa = PBXFileReference; lastKnownFileType = sourcecode.c.objc; path = jjUITests.m; sourceTree = "<group>"; };
		6771B20A1C75A87B0098C831 /* Info.plist */ = {isa = PBXFileReference; lastKnownFileType = text.plist.xml; path = Info.plist; sourceTree = "<group>"; };
		6771B2191C75F3EF0098C831 /* SafariServices.framework */ = {isa = PBXFileReference; lastKnownFileType = wrapper.framework; name = SafariServices.framework; path = System/Library/Frameworks/SafariServices.framework; sourceTree = SDKROOT; };
		6771B21B1C75F40C0098C831 /* MobileCoreServices.framework */ = {isa = PBXFileReference; lastKnownFileType = wrapper.framework; name = MobileCoreServices.framework; path = System/Library/Frameworks/MobileCoreServices.framework; sourceTree = SDKROOT; };
		6771B21D1C75F4150098C831 /* CoreGraphics.framework */ = {isa = PBXFileReference; lastKnownFileType = wrapper.framework; name = CoreGraphics.framework; path = System/Library/Frameworks/CoreGraphics.framework; sourceTree = SDKROOT; };
		6771B21F1C75F41C0098C831 /* UIKit.framework */ = {isa = PBXFileReference; lastKnownFileType = wrapper.framework; name = UIKit.framework; path = System/Library/Frameworks/UIKit.framework; sourceTree = SDKROOT; };
		6771B2211C75F4250098C831 /* CoreFoundation.framework */ = {isa = PBXFileReference; lastKnownFileType = wrapper.framework; name = CoreFoundation.framework; path = System/Library/Frameworks/CoreFoundation.framework; sourceTree = SDKROOT; };
		6771B2231C75F4540098C831 /* SystemConfiguration.framework */ = {isa = PBXFileReference; lastKnownFileType = wrapper.framework; name = SystemConfiguration.framework; path = System/Library/Frameworks/SystemConfiguration.framework; sourceTree = SDKROOT; };
/* End PBXFileReference section */

/* Begin PBXFrameworksBuildPhase section */
		6758E77C1C71EDE000DF52F9 /* Frameworks */ = {
			isa = PBXFrameworksBuildPhase;
			buildActionMask = 2147483647;
			files = (
				6758E78D1C71EF1600DF52F9 /* Foundation.framework in Frameworks */,
				6771B1D91C747B2A0098C831 /* VKSdk.framework in Frameworks */,
				6771B1D71C747B160098C831 /* libVKSdk.a in Frameworks */,
			);
			runOnlyForDeploymentPostprocessing = 0;
		};
		6771B1E91C75A87B0098C831 /* Frameworks */ = {
			isa = PBXFrameworksBuildPhase;
			buildActionMask = 2147483647;
			files = (
				6771B2241C75F4540098C831 /* SystemConfiguration.framework in Frameworks */,
				6771B2221C75F4250098C831 /* CoreFoundation.framework in Frameworks */,
				6771B2201C75F41C0098C831 /* UIKit.framework in Frameworks */,
				6771B21E1C75F4150098C831 /* CoreGraphics.framework in Frameworks */,
				6771B21C1C75F40C0098C831 /* MobileCoreServices.framework in Frameworks */,
				6771B21A1C75F3EF0098C831 /* SafariServices.framework in Frameworks */,
				6771B2181C75F3C00098C831 /* libVKSdk.a in Frameworks */,
				6771B2161C75F2850098C831 /* Foundation.framework in Frameworks */,
			);
			runOnlyForDeploymentPostprocessing = 0;
		};
		6771B2011C75A87B0098C831 /* Frameworks */ = {
			isa = PBXFrameworksBuildPhase;
			buildActionMask = 2147483647;
			files = (
			);
			runOnlyForDeploymentPostprocessing = 0;
		};
/* End PBXFrameworksBuildPhase section */

/* Begin PBXGroup section */
		6758E7761C71EDE000DF52F9 = {
			isa = PBXGroup;
			children = (
				6771B2231C75F4540098C831 /* SystemConfiguration.framework */,
				6771B2211C75F4250098C831 /* CoreFoundation.framework */,
				6771B21F1C75F41C0098C831 /* UIKit.framework */,
				6771B21D1C75F4150098C831 /* CoreGraphics.framework */,
				6771B21B1C75F40C0098C831 /* MobileCoreServices.framework */,
				6771B2191C75F3EF0098C831 /* SafariServices.framework */,
				6771B1D81C747B2A0098C831 /* VKSdk.framework */,
				6771B1D61C747B160098C831 /* libVKSdk.a */,
				6758E78C1C71EF1600DF52F9 /* Foundation.framework */,
				6758E78B1C71EE5500DF52F9 /* FlashRuntimeExtensions.h */,
				6758E7811C71EDE000DF52F9 /* ane */,
				6771B1ED1C75A87B0098C831 /* jj */,
				6771B2071C75A87B0098C831 /* jjUITests */,
				6758E7801C71EDE000DF52F9 /* Products */,
			);
			sourceTree = "<group>";
		};
		6758E7801C71EDE000DF52F9 /* Products */ = {
			isa = PBXGroup;
			children = (
				6758E77F1C71EDE000DF52F9 /* libane.a */,
				6771B1EC1C75A87B0098C831 /* jj.app */,
				6771B2041C75A87B0098C831 /* jjUITests.xctest */,
			);
			name = Products;
			sourceTree = "<group>";
		};
		6758E7811C71EDE000DF52F9 /* ane */ = {
			isa = PBXGroup;
			children = (
				6758E7841C71EDE000DF52F9 /* ane.m */,
				6771B1E21C747F0A0098C831 /* VKStartScreen.h */,
				6771B1E31C747F0A0098C831 /* VKStartScreen.m */,
			);
			path = ane;
			sourceTree = "<group>";
		};
		6771B1ED1C75A87B0098C831 /* jj */ = {
			isa = PBXGroup;
			children = (
				6771B1F11C75A87B0098C831 /* AppDelegate.h */,
				6771B1F21C75A87B0098C831 /* AppDelegate.m */,
				6771B1F41C75A87B0098C831 /* ViewController.h */,
				6771B1F51C75A87B0098C831 /* ViewController.m */,
				6771B1F71C75A87B0098C831 /* Main.storyboard */,
				6771B1FA1C75A87B0098C831 /* Assets.xcassets */,
				6771B1FF1C75A87B0098C831 /* Info.plist */,
				6771B1EE1C75A87B0098C831 /* Supporting Files */,
			);
			path = jj;
			sourceTree = "<group>";
		};
		6771B1EE1C75A87B0098C831 /* Supporting Files */ = {
			isa = PBXGroup;
			children = (
				6771B1EF1C75A87B0098C831 /* main.m */,
			);
			name = "Supporting Files";
			sourceTree = "<group>";
		};
		6771B2071C75A87B0098C831 /* jjUITests */ = {
			isa = PBXGroup;
			children = (
				6771B2081C75A87B0098C831 /* jjUITests.m */,
				6771B20A1C75A87B0098C831 /* Info.plist */,
			);
			path = jjUITests;
			sourceTree = "<group>";
		};
/* End PBXGroup section */

/* Begin PBXNativeTarget section */
		6758E77E1C71EDE000DF52F9 /* ane */ = {
			isa = PBXNativeTarget;
			buildConfigurationList = 6758E7881C71EDE000DF52F9 /* Build configuration list for PBXNativeTarget "ane" */;
			buildPhases = (
				6758E77B1C71EDE000DF52F9 /* Sources */,
				6758E77C1C71EDE000DF52F9 /* Frameworks */,
				6758E77D1C71EDE000DF52F9 /* CopyFiles */,
			);
			buildRules = (
			);
			dependencies = (
			);
			name = ane;
			productName = ane;
			productReference = 6758E77F1C71EDE000DF52F9 /* libane.a */;
			productType = "com.apple.product-type.library.static";
		};
		6771B1EB1C75A87B0098C831 /* jj */ = {
			isa = PBXNativeTarget;
			buildConfigurationList = 6771B20B1C75A87B0098C831 /* Build configuration list for PBXNativeTarget "jj" */;
			buildPhases = (
				6771B1E81C75A87B0098C831 /* Sources */,
				6771B1E91C75A87B0098C831 /* Frameworks */,
				6771B1EA1C75A87B0098C831 /* Resources */,
			);
			buildRules = (
			);
			dependencies = (
			);
			name = jj;
			productName = jj;
			productReference = 6771B1EC1C75A87B0098C831 /* jj.app */;
			productType = "com.apple.product-type.application";
		};
		6771B2031C75A87B0098C831 /* jjUITests */ = {
			isa = PBXNativeTarget;
			buildConfigurationList = 6771B20E1C75A87B0098C831 /* Build configuration list for PBXNativeTarget "jjUITests" */;
			buildPhases = (
				6771B2001C75A87B0098C831 /* Sources */,
				6771B2011C75A87B0098C831 /* Frameworks */,
				6771B2021C75A87B0098C831 /* Resources */,
			);
			buildRules = (
			);
			dependencies = (
				6771B2061C75A87B0098C831 /* PBXTargetDependency */,
			);
			name = jjUITests;
			productName = jjUITests;
			productReference = 6771B2041C75A87B0098C831 /* jjUITests.xctest */;
			productType = "com.apple.product-type.bundle.ui-testing";
		};
/* End PBXNativeTarget section */

/* Begin PBXProject section */
		6758E7771C71EDE000DF52F9 /* Project object */ = {
			isa = PBXProject;
			attributes = {
				LastUpgradeCheck = 0720;
				ORGANIZATIONNAME = "Aleksey Kabanov";
				TargetAttributes = {
					6758E77E1C71EDE000DF52F9 = {
						CreatedOnToolsVersion = 7.2.1;
					};
					6771B1EB1C75A87B0098C831 = {
						CreatedOnToolsVersion = 7.2.1;
						DevelopmentTeam = EL3RD7WZMR;
					};
					6771B2031C75A87B0098C831 = {
						CreatedOnToolsVersion = 7.2.1;
						TestTargetID = 6771B1EB1C75A87B0098C831;
					};
				};
			};
			buildConfigurationList = 6758E77A1C71EDE000DF52F9 /* Build configuration list for PBXProject "ane" */;
			compatibilityVersion = "Xcode 3.2";
			developmentRegion = English;
			hasScannedForEncodings = 0;
			knownRegions = (
				en,
				Base,
			);
			mainGroup = 6758E7761C71EDE000DF52F9;
			productRefGroup = 6758E7801C71EDE000DF52F9 /* Products */;
			projectDirPath = "";
			projectRoot = "";
			targets = (
				6758E77E1C71EDE000DF52F9 /* ane */,
				6771B1EB1C75A87B0098C831 /* jj */,
				6771B2031C75A87B0098C831 /* jjUITests */,
			);
		};
/* End PBXProject section */

/* Begin PBXResourcesBuildPhase section */
		6771B1EA1C75A87B0098C831 /* Resources */ = {
			isa = PBXResourcesBuildPhase;
			buildActionMask = 2147483647;
			files = (
				6771B1FB1C75A87B0098C831 /* Assets.xcassets in Resources */,
				6771B1F91C75A87B0098C831 /* Main.storyboard in Resources */,
			);
			runOnlyForDeploymentPostprocessing = 0;
		};
		6771B2021C75A87B0098C831 /* Resources */ = {
			isa = PBXResourcesBuildPhase;
			buildActionMask = 2147483647;
			files = (
			);
			runOnlyForDeploymentPostprocessing = 0;
		};
/* End PBXResourcesBuildPhase section */

/* Begin PBXSourcesBuildPhase section */
		6758E77B1C71EDE000DF52F9 /* Sources */ = {
			isa = PBXSourcesBuildPhase;
			buildActionMask = 2147483647;
			files = (
				6758E7851C71EDE000DF52F9 /* ane.m in Sources */,
				6771B1E71C747F0A0098C831 /* VKStartScreen.m in Sources */,
			);
			runOnlyForDeploymentPostprocessing = 0;
		};
		6771B1E81C75A87B0098C831 /* Sources */ = {
			isa = PBXSourcesBuildPhase;
			buildActionMask = 2147483647;
			files = (
				6771B1F61C75A87B0098C831 /* ViewController.m in Sources */,
				6771B1F31C75A87B0098C831 /* AppDelegate.m in Sources */,
				6771B1F01C75A87B0098C831 /* main.m in Sources */,
			);
			runOnlyForDeploymentPostprocessing = 0;
		};
		6771B2001C75A87B0098C831 /* Sources */ = {
			isa = PBXSourcesBuildPhase;
			buildActionMask = 2147483647;
			files = (
				6771B2091C75A87B0098C831 /* jjUITests.m in Sources */,
			);
			runOnlyForDeploymentPostprocessing = 0;
		};
/* End PBXSourcesBuildPhase section */

/* Begin PBXTargetDependency section */
		6771B2061C75A87B0098C831 /* PBXTargetDependency */ = {
			isa = PBXTargetDependency;
			target = 6771B1EB1C75A87B0098C831 /* jj */;
			targetProxy = 6771B2051C75A87B0098C831 /* PBXContainerItemProxy */;
		};
/* End PBXTargetDependency section */

/* Begin PBXVariantGroup section */
		6771B1F71C75A87B0098C831 /* Main.storyboard */ = {
			isa = PBXVariantGroup;
			children = (
				6771B1F81C75A87B0098C831 /* Base */,
			);
			name = Main.storyboard;
			sourceTree = "<group>";
		};
/* End PBXVariantGroup section */

/* Begin XCBuildConfiguration section */
		6758E7861C71EDE000DF52F9 /* Debug */ = {
			isa = XCBuildConfiguration;
			buildSettings = {
				ALWAYS_SEARCH_USER_PATHS = NO;
				CLANG_CXX_LANGUAGE_STANDARD = "gnu++0x";
				CLANG_CXX_LIBRARY = "libc++";
				CLANG_ENABLE_MODULES = YES;
				CLANG_ENABLE_OBJC_ARC = YES;
				CLANG_WARN_BOOL_CONVERSION = YES;
				CLANG_WARN_CONSTANT_CONVERSION = YES;
				CLANG_WARN_DIRECT_OBJC_ISA_USAGE = YES_ERROR;
				CLANG_WARN_EMPTY_BODY = YES;
				CLANG_WARN_ENUM_CONVERSION = YES;
				CLANG_WARN_INT_CONVERSION = YES;
				CLANG_WARN_OBJC_ROOT_CLASS = YES_ERROR;
				CLANG_WARN_UNREACHABLE_CODE = YES;
				CLANG_WARN__DUPLICATE_METHOD_MATCH = YES;
				"CODE_SIGN_IDENTITY[sdk=iphoneos*]" = "iPhone Developer";
				COPY_PHASE_STRIP = NO;
				DEBUG_INFORMATION_FORMAT = dwarf;
				ENABLE_STRICT_OBJC_MSGSEND = YES;
				ENABLE_TESTABILITY = YES;
				GCC_C_LANGUAGE_STANDARD = gnu99;
				GCC_DYNAMIC_NO_PIC = NO;
				GCC_NO_COMMON_BLOCKS = YES;
				GCC_OPTIMIZATION_LEVEL = 0;
				GCC_PREPROCESSOR_DEFINITIONS = (
					"DEBUG=1",
					"$(inherited)",
				);
				GCC_WARN_64_TO_32_BIT_CONVERSION = YES;
				GCC_WARN_ABOUT_RETURN_TYPE = YES_ERROR;
				GCC_WARN_UNDECLARED_SELECTOR = YES;
				GCC_WARN_UNINITIALIZED_AUTOS = YES_AGGRESSIVE;
				GCC_WARN_UNUSED_FUNCTION = YES;
				GCC_WARN_UNUSED_VARIABLE = YES;
				IPHONEOS_DEPLOYMENT_TARGET = 9.2;
				MTL_ENABLE_DEBUG_INFO = YES;
				ONLY_ACTIVE_ARCH = YES;
				SDKROOT = iphoneos;
			};
			name = Debug;
		};
		6758E7871C71EDE000DF52F9 /* Release */ = {
			isa = XCBuildConfiguration;
			buildSettings = {
				ALWAYS_SEARCH_USER_PATHS = NO;
				CLANG_CXX_LANGUAGE_STANDARD = "gnu++0x";
				CLANG_CXX_LIBRARY = "libc++";
				CLANG_ENABLE_MODULES = YES;
				CLANG_ENABLE_OBJC_ARC = YES;
				CLANG_WARN_BOOL_CONVERSION = YES;
				CLANG_WARN_CONSTANT_CONVERSION = YES;
				CLANG_WARN_DIRECT_OBJC_ISA_USAGE = YES_ERROR;
				CLANG_WARN_EMPTY_BODY = YES;
				CLANG_WARN_ENUM_CONVERSION = YES;
				CLANG_WARN_INT_CONVERSION = YES;
				CLANG_WARN_OBJC_ROOT_CLASS = YES_ERROR;
				CLANG_WARN_UNREACHABLE_CODE = YES;
				CLANG_WARN__DUPLICATE_METHOD_MATCH = YES;
				"CODE_SIGN_IDENTITY[sdk=iphoneos*]" = "iPhone Developer";
				COPY_PHASE_STRIP = NO;
				DEBUG_INFORMATION_FORMAT = "dwarf-with-dsym";
				ENABLE_NS_ASSERTIONS = NO;
				ENABLE_STRICT_OBJC_MSGSEND = YES;
				GCC_C_LANGUAGE_STANDARD = gnu99;
				GCC_NO_COMMON_BLOCKS = YES;
				GCC_WARN_64_TO_32_BIT_CONVERSION = YES;
				GCC_WARN_ABOUT_RETURN_TYPE = YES_ERROR;
				GCC_WARN_UNDECLARED_SELECTOR = YES;
				GCC_WARN_UNINITIALIZED_AUTOS = YES_AGGRESSIVE;
				GCC_WARN_UNUSED_FUNCTION = YES;
				GCC_WARN_UNUSED_VARIABLE = YES;
				IPHONEOS_DEPLOYMENT_TARGET = 9.2;
				MTL_ENABLE_DEBUG_INFO = NO;
				SDKROOT = iphoneos;
				VALIDATE_PRODUCT = YES;
			};
			name = Release;
		};
		6758E7891C71EDE000DF52F9 /* Debug */ = {
			isa = XCBuildConfiguration;
			buildSettings = {
				FRAMEWORK_SEARCH_PATHS = (
					"$(inherited)",
					"$(PROJECT_DIR)",
				);
				LIBRARY_SEARCH_PATHS = (
					"$(inherited)",
					"$(PROJECT_DIR)",
				);
				ONLY_ACTIVE_ARCH = NO;
				OTHER_LDFLAGS = "-ObjC";
				PRODUCT_NAME = "$(TARGET_NAME)";
				SKIP_INSTALL = YES;
			};
			name = Debug;
		};
		6758E78A1C71EDE000DF52F9 /* Release */ = {
			isa = XCBuildConfiguration;
			buildSettings = {
				FRAMEWORK_SEARCH_PATHS = (
					"$(inherited)",
					"$(PROJECT_DIR)",
				);
				LIBRARY_SEARCH_PATHS = (
					"$(inherited)",
					"$(PROJECT_DIR)",
				);
				OTHER_LDFLAGS = "-ObjC";
				PRODUCT_NAME = "$(TARGET_NAME)";
				SKIP_INSTALL = YES;
			};
			name = Release;
		};
		6771B20C1C75A87B0098C831 /* Debug */ = {
			isa = XCBuildConfiguration;
			buildSettings = {
				ASSETCATALOG_COMPILER_APPICON_NAME = AppIcon;
				CODE_SIGN_IDENTITY = "iPhone Developer";
				FRAMEWORK_SEARCH_PATHS = (
					"$(inherited)",
					"$(PROJECT_DIR)",
				);
				INFOPLIST_FILE = jj/Info.plist;
				IPHONEOS_DEPLOYMENT_TARGET = 9.2;
				LD_RUNPATH_SEARCH_PATHS = "$(inherited) @executable_path/Frameworks";
				LIBRARY_SEARCH_PATHS = (
					"$(inherited)",
					"$(PROJECT_DIR)",
				);
				PRODUCT_BUNDLE_IDENTIFIER = com.gogames.ane;
				PRODUCT_NAME = "$(TARGET_NAME)";
				TARGETED_DEVICE_FAMILY = 1;
			};
			name = Debug;
		};
		6771B20D1C75A87B0098C831 /* Release */ = {
			isa = XCBuildConfiguration;
			buildSettings = {
				ASSETCATALOG_COMPILER_APPICON_NAME = AppIcon;
				CODE_SIGN_IDENTITY = "iPhone Developer";
				FRAMEWORK_SEARCH_PATHS = (
					"$(inherited)",
					"$(PROJECT_DIR)",
				);
				INFOPLIST_FILE = jj/Info.plist;
				IPHONEOS_DEPLOYMENT_TARGET = 9.2;
				LD_RUNPATH_SEARCH_PATHS = "$(inherited) @executable_path/Frameworks";
				LIBRARY_SEARCH_PATHS = (
					"$(inherited)",
					"$(PROJECT_DIR)",
				);
				PRODUCT_BUNDLE_IDENTIFIER = com.gogames.ane;
				PRODUCT_NAME = "$(TARGET_NAME)";
				TARGETED_DEVICE_FAMILY = 1;
			};
			name = Release;
		};
		6771B20F1C75A87B0098C831 /* Debug */ = {
			isa = XCBuildConfiguration;
			buildSettings = {
				INFOPLIST_FILE = jjUITests/Info.plist;
				LD_RUNPATH_SEARCH_PATHS = "$(inherited) @executable_path/Frameworks @loader_path/Frameworks";
				PRODUCT_BUNDLE_IDENTIFIER = com.gogames.jjUITests;
				PRODUCT_NAME = "$(TARGET_NAME)";
				TEST_TARGET_NAME = jj;
				USES_XCTRUNNER = YES;
			};
			name = Debug;
		};
		6771B2101C75A87B0098C831 /* Release */ = {
			isa = XCBuildConfiguration;
			buildSettings = {
				INFOPLIST_FILE = jjUITests/Info.plist;
				LD_RUNPATH_SEARCH_PATHS = "$(inherited) @executable_path/Frameworks @loader_path/Frameworks";
				PRODUCT_BUNDLE_IDENTIFIER = com.gogames.jjUITests;
				PRODUCT_NAME = "$(TARGET_NAME)";
				TEST_TARGET_NAME = jj;
				USES_XCTRUNNER = YES;
			};
			name = Release;
		};
/* End XCBuildConfiguration section */

/* Begin XCConfigurationList section */
		6758E77A1C71EDE000DF52F9 /* Build configuration list for PBXProject "ane" */ = {
			isa = XCConfigurationList;
			buildConfigurations = (
				6758E7861C71EDE000DF52F9 /* Debug */,
				6758E7871C71EDE000DF52F9 /* Release */,
			);
			defaultConfigurationIsVisible = 0;
			defaultConfigurationName = Release;
		};
		6758E7881C71EDE000DF52F9 /* Build configuration list for PBXNativeTarget "ane" */ = {
			isa = XCConfigurationList;
			buildConfigurations = (
				6758E7891C71EDE000DF52F9 /* Debug */,
				6758E78A1C71EDE000DF52F9 /* Release */,
			);
			defaultConfigurationIsVisible = 0;
			defaultConfigurationName = Release;
		};
		6771B20B1C75A87B0098C831 /* Build configuration list for PBXNativeTarget "jj" */ = {
			isa = XCConfigurationList;
			buildConfigurations = (
				6771B20C1C75A87B0098C831 /* Debug */,
				6771B20D1C75A87B0098C831 /* Release */,
			);
			defaultConfigurationIsVisible = 0;
		};
		6771B20E1C75A87B0098C831 /* Build configuration list for PBXNativeTarget "jjUITests" */ = {
			isa = XCConfigurationList;
			buildConfigurations = (
				6771B20F1C75A87B0098C831 /* Debug */,
				6771B2101C75A87B0098C831 /* Release */,
			);
			defaultConfigurationIsVisible = 0;
		};
/* End XCConfigurationList section */
	};
	rootObject = 6758E7771C71EDE000DF52F9 /* Project object */;
}
